
Microsoft Visual Studio Solution File, Format Version 12.00
Project("{FAE04EC0-301F-11D3-BF4B-00C04F79EFBC}") = "SkillAnalyst", "SkillAnalyst\SkillAnalyst.csproj", "{797AA32A-5C29-4A89-BF20-DF77537B065B}"
EndProject
Global
	GlobalSection(SolutionConfigurationPlatforms) = preSolution
		Debug|Any CPU = Debug|Any CPU
		Release|Any CPU = Release|Any CPU
	EndGlobalSection
	GlobalSection(ProjectConfigurationPlatforms) = postSolution
		{797AA32A-5C29-4A89-BF20-DF77537B065B}.Debug|Any CPU.ActiveCfg = Debug|Any CPU
		{797AA32A-5C29-4A89-BF20-DF77537B065B}.Debug|Any CPU.Build.0 = Debug|Any CPU
		{797AA32A-5C29-4A89-BF20-DF77537B065B}.Release|Any CPU.ActiveCfg = Release|Any CPU
		{797AA32A-5C29-4A89-BF20-DF77537B065B}.Release|Any CPU.Build.0 = Release|Any CPU
	EndGlobalSection
EndGlobal
